// !$*UTF8*$!
{
	archiveVersion = 1;
	classes = {
	};
	objectVersion = 50;
	objects = {

/* Begin PBXBuildFile section */
		A53B713426BA98AF00774AAA /* MusicStreamingAppApp.swift in Sources */ = {isa = PBXBuildFile; fileRef = A53B713326BA98AF00774AAA /* MusicStreamingAppApp.swift */; };
		A53B713626BA98AF00774AAA /* MenuView.swift in Sources */ = {isa = PBXBuildFile; fileRef = A53B713526BA98AF00774AAA /* MenuView.swift */; };
		A53B713826BA98B100774AAA /* Assets.xcassets in Resources */ = {isa = PBXBuildFile; fileRef = A53B713726BA98B100774AAA /* Assets.xcassets */; };
		A53B713B26BA98B100774AAA /* Preview Assets.xcassets in Resources */ = {isa = PBXBuildFile; fileRef = A53B713A26BA98B100774AAA /* Preview Assets.xcassets */; };
		A53B714626BA98B100774AAA /* MusicStreamingAppTests.swift in Sources */ = {isa = PBXBuildFile; fileRef = A53B714526BA98B100774AAA /* MusicStreamingAppTests.swift */; };
		A53B715126BA98B100774AAA /* MusicStreamingAppUITests.swift in Sources */ = {isa = PBXBuildFile; fileRef = A53B715026BA98B100774AAA /* MusicStreamingAppUITests.swift */; };
		A53B715F26BB7F5D00774AAA /* AlbumDummyModel.swift in Sources */ = {isa = PBXBuildFile; fileRef = A53B715E26BB7F5D00774AAA /* AlbumDummyModel.swift */; };
		A53B716126BB926000774AAA /* BlurEffect.swift in Sources */ = {isa = PBXBuildFile; fileRef = A53B716026BB926000774AAA /* BlurEffect.swift */; };
		A53B716626BBEFC500774AAA /* PlayerView.swift in Sources */ = {isa = PBXBuildFile; fileRef = A53B716526BBEFC500774AAA /* PlayerView.swift */; };
/* End PBXBuildFile section */

/* Begin PBXContainerItemProxy section */
		A53B714226BA98B100774AAA /* PBXContainerItemProxy */ = {
			isa = PBXContainerItemProxy;
			containerPortal = A53B712826BA98AF00774AAA /* Project object */;
			proxyType = 1;
			remoteGlobalIDString = A53B712F26BA98AF00774AAA;
			remoteInfo = MusicStreamingApp;
		};
		A53B714D26BA98B100774AAA /* PBXContainerItemProxy */ = {
			isa = PBXContainerItemProxy;
			containerPortal = A53B712826BA98AF00774AAA /* Project object */;
			proxyType = 1;
			remoteGlobalIDString = A53B712F26BA98AF00774AAA;
			remoteInfo = MusicStreamingApp;
		};
/* End PBXContainerItemProxy section */

/* Begin PBXFileReference section */
		A53B713026BA98AF00774AAA /* MusicStreamingApp.app */ = {isa = PBXFileReference; explicitFileType = wrapper.application; includeInIndex = 0; path = MusicStreamingApp.app; sourceTree = BUILT_PRODUCTS_DIR; };
		A53B713326BA98AF00774AAA /* MusicStreamingAppApp.swift */ = {isa = PBXFileReference; lastKnownFileType = sourcecode.swift; path = MusicStreamingAppApp.swift; sourceTree = "<group>"; };
		A53B713526BA98AF00774AAA /* MenuView.swift */ = {isa = PBXFileReference; lastKnownFileType = sourcecode.swift; path = MenuView.swift; sourceTree = "<group>"; };
		A53B713726BA98B100774AAA /* Assets.xcassets */ = {isa = PBXFileReference; lastKnownFileType = folder.assetcatalog; path = Assets.xcassets; sourceTree = "<group>"; };
		A53B713A26BA98B100774AAA /* Preview Assets.xcassets */ = {isa = PBXFileReference; lastKnownFileType = folder.assetcatalog; path = "Preview Assets.xcassets"; sourceTree = "<group>"; };
		A53B713C26BA98B100774AAA /* Info.plist */ = {isa = PBXFileReference; lastKnownFileType = text.plist.xml; path = Info.plist; sourceTree = "<group>"; };
		A53B714126BA98B100774AAA /* MusicStreamingAppTests.xctest */ = {isa = PBXFileReference; explicitFileType = wrapper.cfbundle; includeInIndex = 0; path = MusicStreamingAppTests.xctest; sourceTree = BUILT_PRODUCTS_DIR; };
		A53B714526BA98B100774AAA /* MusicStreamingAppTests.swift */ = {isa = PBXFileReference; lastKnownFileType = sourcecode.swift; path = MusicStreamingAppTests.swift; sourceTree = "<group>"; };
		A53B714726BA98B100774AAA /* Info.plist */ = {isa = PBXFileReference; lastKnownFileType = text.plist.xml; path = Info.plist; sourceTree = "<group>"; };
		A53B714C26BA98B100774AAA /* MusicStreamingAppUITests.xctest */ = {isa = PBXFileReference; explicitFileType = wrapper.cfbundle; includeInIndex = 0; path = MusicStreamingAppUITests.xctest; sourceTree = BUILT_PRODUCTS_DIR; };
		A53B715026BA98B100774AAA /* MusicStreamingAppUITests.swift */ = {isa = PBXFileReference; lastKnownFileType = sourcecode.swift; path = MusicStreamingAppUITests.swift; sourceTree = "<group>"; };
		A53B715226BA98B100774AAA /* Info.plist */ = {isa = PBXFileReference; lastKnownFileType = text.plist.xml; path = Info.plist; sourceTree = "<group>"; };
		A53B715E26BB7F5D00774AAA /* AlbumDummyModel.swift */ = {isa = PBXFileReference; lastKnownFileType = sourcecode.swift; path = AlbumDummyModel.swift; sourceTree = "<group>"; };
		A53B716026BB926000774AAA /* BlurEffect.swift */ = {isa = PBXFileReference; lastKnownFileType = sourcecode.swift; path = BlurEffect.swift; sourceTree = "<group>"; };
		A53B716526BBEFC500774AAA /* PlayerView.swift */ = {isa = PBXFileReference; lastKnownFileType = sourcecode.swift; path = PlayerView.swift; sourceTree = "<group>"; };
/* End PBXFileReference section */

/* Begin PBXFrameworksBuildPhase section */
		A53B712D26BA98AF00774AAA /* Frameworks */ = {
			isa = PBXFrameworksBuildPhase;
			buildActionMask = 2147483647;
			files = (
			);
			runOnlyForDeploymentPostprocessing = 0;
		};
		A53B713E26BA98B100774AAA /* Frameworks */ = {
			isa = PBXFrameworksBuildPhase;
			buildActionMask = 2147483647;
			files = (
			);
			runOnlyForDeploymentPostprocessing = 0;
		};
		A53B714926BA98B100774AAA /* Frameworks */ = {
			isa = PBXFrameworksBuildPhase;
			buildActionMask = 2147483647;
			files = (
			);
			runOnlyForDeploymentPostprocessing = 0;
		};
/* End PBXFrameworksBuildPhase section */

/* Begin PBXGroup section */
		A53B712726BA98AF00774AAA = {
			isa = PBXGroup;
			children = (
				A53B713226BA98AF00774AAA /* MusicStreamingApp */,
				A53B714426BA98B100774AAA /* MusicStreamingAppTests */,
				A53B714F26BA98B100774AAA /* MusicStreamingAppUITests */,
				A53B713126BA98AF00774AAA /* Products */,
			);
			sourceTree = "<group>";
		};
		A53B713126BA98AF00774AAA /* Products */ = {
			isa = PBXGroup;
			children = (
				A53B713026BA98AF00774AAA /* MusicStreamingApp.app */,
				A53B714126BA98B100774AAA /* MusicStreamingAppTests.xctest */,
				A53B714C26BA98B100774AAA /* MusicStreamingAppUITests.xctest */,
			);
			name = Products;
			sourceTree = "<group>";
		};
		A53B713226BA98AF00774AAA /* MusicStreamingApp */ = {
			isa = PBXGroup;
			children = (
				A53B716426BBEF8C00774AAA /* Util */,
				A53B716326BBEF8300774AAA /* Model */,
				A53B716226BBEEDB00774AAA /* View */,
				A53B713326BA98AF00774AAA /* MusicStreamingAppApp.swift */,
				A53B713726BA98B100774AAA /* Assets.xcassets */,
				A53B713C26BA98B100774AAA /* Info.plist */,
				A53B713926BA98B100774AAA /* Preview Content */,
			);
			path = MusicStreamingApp;
			sourceTree = "<group>";
		};
		A53B713926BA98B100774AAA /* Preview Content */ = {
			isa = PBXGroup;
			children = (
				A53B713A26BA98B100774AAA /* Preview Assets.xcassets */,
			);
			path = "Preview Content";
			sourceTree = "<group>";
		};
		A53B714426BA98B100774AAA /* MusicStreamingAppTests */ = {
			isa = PBXGroup;
			children = (
				A53B714526BA98B100774AAA /* MusicStreamingAppTests.swift */,
				A53B714726BA98B100774AAA /* Info.plist */,
			);
			path = MusicStreamingAppTests;
			sourceTree = "<group>";
		};
		A53B714F26BA98B100774AAA /* MusicStreamingAppUITests */ = {
			isa = PBXGroup;
			children = (
				A53B715026BA98B100774AAA /* MusicStreamingAppUITests.swift */,
				A53B715226BA98B100774AAA /* Info.plist */,
			);
			path = MusicStreamingAppUITests;
			sourceTree = "<group>";
		};
		A53B716226BBEEDB00774AAA /* View */ = {
			isa = PBXGroup;
			children = (
				A53B713526BA98AF00774AAA /* MenuView.swift */,
				A53B716526BBEFC500774AAA /* PlayerView.swift */,
			);
			path = View;
			sourceTree = "<group>";
		};
		A53B716326BBEF8300774AAA /* Model */ = {
			isa = PBXGroup;
			children = (
				A53B715E26BB7F5D00774AAA /* AlbumDummyModel.swift */,
			);
			path = Model;
			sourceTree = "<group>";
		};
		A53B716426BBEF8C00774AAA /* Util */ = {
			isa = PBXGroup;
			children = (
				A53B716026BB926000774AAA /* BlurEffect.swift */,
			);
			path = Util;
			sourceTree = "<group>";
		};
/* End PBXGroup section */

/* Begin PBXNativeTarget section */
		A53B712F26BA98AF00774AAA /* MusicStreamingApp */ = {
			isa = PBXNativeTarget;
			buildConfigurationList = A53B715526BA98B100774AAA /* Build configuration list for PBXNativeTarget "MusicStreamingApp" */;
			buildPhases = (
				A53B712C26BA98AF00774AAA /* Sources */,
				A53B712D26BA98AF00774AAA /* Frameworks */,
				A53B712E26BA98AF00774AAA /* Resources */,
			);
			buildRules = (
			);
			dependencies = (
			);
			name = MusicStreamingApp;
			productName = MusicStreamingApp;
			productReference = A53B713026BA98AF00774AAA /* MusicStreamingApp.app */;
			productType = "com.apple.product-type.application";
		};
		A53B714026BA98B100774AAA /* MusicStreamingAppTests */ = {
			isa = PBXNativeTarget;
			buildConfigurationList = A53B715826BA98B100774AAA /* Build configuration list for PBXNativeTarget "MusicStreamingAppTests" */;
			buildPhases = (
				A53B713D26BA98B100774AAA /* Sources */,
				A53B713E26BA98B100774AAA /* Frameworks */,
				A53B713F26BA98B100774AAA /* Resources */,
			);
			buildRules = (
			);
			dependencies = (
				A53B714326BA98B100774AAA /* PBXTargetDependency */,
			);
			name = MusicStreamingAppTests;
			productName = MusicStreamingAppTests;
			productReference = A53B714126BA98B100774AAA /* MusicStreamingAppTests.xctest */;
			productType = "com.apple.product-type.bundle.unit-test";
		};
		A53B714B26BA98B100774AAA /* MusicStreamingAppUITests */ = {
			isa = PBXNativeTarget;
			buildConfigurationList = A53B715B26BA98B100774AAA /* Build configuration list for PBXNativeTarget "MusicStreamingAppUITests" */;
			buildPhases = (
				A53B714826BA98B100774AAA /* Sources */,
				A53B714926BA98B100774AAA /* Frameworks */,
				A53B714A26BA98B100774AAA /* Resources */,
			);
			buildRules = (
			);
			dependencies = (
				A53B714E26BA98B100774AAA /* PBXTargetDependency */,
			);
			name = MusicStreamingAppUITests;
			productName = MusicStreamingAppUITests;
			productReference = A53B714C26BA98B100774AAA /* MusicStreamingAppUITests.xctest */;
			productType = "com.apple.product-type.bundle.ui-testing";
		};
/* End PBXNativeTarget section */

/* Begin PBXProject section */
		A53B712826BA98AF00774AAA /* Project object */ = {
			isa = PBXProject;
			attributes = {
				LastSwiftUpdateCheck = 1250;
				LastUpgradeCheck = 1250;
				TargetAttributes = {
					A53B712F26BA98AF00774AAA = {
						CreatedOnToolsVersion = 12.5.1;
					};
					A53B714026BA98B100774AAA = {
						CreatedOnToolsVersion = 12.5.1;
						TestTargetID = A53B712F26BA98AF00774AAA;
					};
					A53B714B26BA98B100774AAA = {
						CreatedOnToolsVersion = 12.5.1;
						TestTargetID = A53B712F26BA98AF00774AAA;
					};
				};
			};
			buildConfigurationList = A53B712B26BA98AF00774AAA /* Build configuration list for PBXProject "MusicStreamingApp" */;
			compatibilityVersion = "Xcode 9.3";
			developmentRegion = en;
			hasScannedForEncodings = 0;
			knownRegions = (
				en,
				Base,
			);
			mainGroup = A53B712726BA98AF00774AAA;
			productRefGroup = A53B713126BA98AF00774AAA /* Products */;
			projectDirPath = "";
			projectRoot = "";
			targets = (
				A53B712F26BA98AF00774AAA /* MusicStreamingApp */,
				A53B714026BA98B100774AAA /* MusicStreamingAppTests */,
				A53B714B26BA98B100774AAA /* MusicStreamingAppUITests */,
			);
		};
/* End PBXProject section */

/* Begin PBXResourcesBuildPhase section */
		A53B712E26BA98AF00774AAA /* Resources */ = {
			isa = PBXResourcesBuildPhase;
			buildActionMask = 2147483647;
			files = (
				A53B713B26BA98B100774AAA /* Preview Assets.xcassets in Resources */,
				A53B713826BA98B100774AAA /* Assets.xcassets in Resources */,
			);
			runOnlyForDeploymentPostprocessing = 0;
		};
		A53B713F26BA98B100774AAA /* Resources */ = {
			isa = PBXResourcesBuildPhase;
			buildActionMask = 2147483647;
			files = (
			);
			runOnlyForDeploymentPostprocessing = 0;
		};
		A53B714A26BA98B100774AAA /* Resources */ = {
			isa = PBXResourcesBuildPhase;
			buildActionMask = 2147483647;
			files = (
			);
			runOnlyForDeploymentPostprocessing = 0;
		};
/* End PBXResourcesBuildPhase section */

/* Begin PBXSourcesBuildPhase section */
		A53B712C26BA98AF00774AAA /* Sources */ = {
			isa = PBXSourcesBuildPhase;
			buildActionMask = 2147483647;
			files = (
				A53B713626BA98AF00774AAA /* MenuView.swift in Sources */,
				A53B716126BB926000774AAA /* BlurEffect.swift in Sources */,
				A53B713426BA98AF00774AAA /* MusicStreamingAppApp.swift in Sources */,
				A53B716626BBEFC500774AAA /* PlayerView.swift in Sources */,
				A53B715F26BB7F5D00774AAA /* AlbumDummyModel.swift in Sources */,
			);
			runOnlyForDeploymentPostprocessing = 0;
		};
		A53B713D26BA98B100774AAA /* Sources */ = {
			isa = PBXSourcesBuildPhase;
			buildActionMask = 2147483647;
			files = (
				A53B714626BA98B100774AAA /* MusicStreamingAppTests.swift in Sources */,
			);
			runOnlyForDeploymentPostprocessing = 0;
		};
		A53B714826BA98B100774AAA /* Sources */ = {
			isa = PBXSourcesBuildPhase;
			buildActionMask = 2147483647;
			files = (
				A53B715126BA98B100774AAA /* MusicStreamingAppUITests.swift in Sources */,
			);
			runOnlyForDeploymentPostprocessing = 0;
		};
/* End PBXSourcesBuildPhase section */

/* Begin PBXTargetDependency section */
		A53B714326BA98B100774AAA /* PBXTargetDependency */ = {
			isa = PBXTargetDependency;
			target = A53B712F26BA98AF00774AAA /* MusicStreamingApp */;
			targetProxy = A53B714226BA98B100774AAA /* PBXContainerItemProxy */;
		};
		A53B714E26BA98B100774AAA /* PBXTargetDependency */ = {
			isa = PBXTargetDependency;
			target = A53B712F26BA98AF00774AAA /* MusicStreamingApp */;
			targetProxy = A53B714D26BA98B100774AAA /* PBXContainerItemProxy */;
		};
/* End PBXTargetDependency section */

/* Begin XCBuildConfiguration section */
		A53B715326BA98B100774AAA /* Debug */ = {
			isa = XCBuildConfiguration;
			buildSettings = {
				ALWAYS_SEARCH_USER_PATHS = NO;
				CLANG_ANALYZER_NONNULL = YES;
				CLANG_ANALYZER_NUMBER_OBJECT_CONVERSION = YES_AGGRESSIVE;
				CLANG_CXX_LANGUAGE_STANDARD = "gnu++14";
				CLANG_CXX_LIBRARY = "libc++";
				CLANG_ENABLE_MODULES = YES;
				CLANG_ENABLE_OBJC_ARC = YES;
				CLANG_ENABLE_OBJC_WEAK = YES;
				CLANG_WARN_BLOCK_CAPTURE_AUTORELEASING = YES;
				CLANG_WARN_BOOL_CONVERSION = YES;
				CLANG_WARN_COMMA = YES;
				CLANG_WARN_CONSTANT_CONVERSION = YES;
				CLANG_WARN_DEPRECATED_OBJC_IMPLEMENTATIONS = YES;
				CLANG_WARN_DIRECT_OBJC_ISA_USAGE = YES_ERROR;
				CLANG_WARN_DOCUMENTATION_COMMENTS = YES;
				CLANG_WARN_EMPTY_BODY = YES;
				CLANG_WARN_ENUM_CONVERSION = YES;
				CLANG_WARN_INFINITE_RECURSION = YES;
				CLANG_WARN_INT_CONVERSION = YES;
				CLANG_WARN_NON_LITERAL_NULL_CONVERSION = YES;
				CLANG_WARN_OBJC_IMPLICIT_RETAIN_SELF = YES;
				CLANG_WARN_OBJC_LITERAL_CONVERSION = YES;
				CLANG_WARN_OBJC_ROOT_CLASS = YES_ERROR;
				CLANG_WARN_QUOTED_INCLUDE_IN_FRAMEWORK_HEADER = YES;
				CLANG_WARN_RANGE_LOOP_ANALYSIS = YES;
				CLANG_WARN_STRICT_PROTOTYPES = YES;
				CLANG_WARN_SUSPICIOUS_MOVE = YES;
				CLANG_WARN_UNGUARDED_AVAILABILITY = YES_AGGRESSIVE;
				CLANG_WARN_UNREACHABLE_CODE = YES;
				CLANG_WARN__DUPLICATE_METHOD_MATCH = YES;
				COPY_PHASE_STRIP = NO;
				DEBUG_INFORMATION_FORMAT = dwarf;
				ENABLE_STRICT_OBJC_MSGSEND = YES;
				ENABLE_TESTABILITY = YES;
				GCC_C_LANGUAGE_STANDARD = gnu11;
				GCC_DYNAMIC_NO_PIC = NO;
				GCC_NO_COMMON_BLOCKS = YES;
				GCC_OPTIMIZATION_LEVEL = 0;
				GCC_PREPROCESSOR_DEFINITIONS = (
					"DEBUG=1",
					"$(inherited)",
				);
				GCC_WARN_64_TO_32_BIT_CONVERSION = YES;
				GCC_WARN_ABOUT_RETURN_TYPE = YES_ERROR;
				GCC_WARN_UNDECLARED_SELECTOR = YES;
				GCC_WARN_UNINITIALIZED_AUTOS = YES_AGGRESSIVE;
				GCC_WARN_UNUSED_FUNCTION = YES;
				GCC_WARN_UNUSED_VARIABLE = YES;
				IPHONEOS_DEPLOYMENT_TARGET = 14.5;
				MTL_ENABLE_DEBUG_INFO = INCLUDE_SOURCE;
				MTL_FAST_MATH = YES;
				ONLY_ACTIVE_ARCH = YES;
				SDKROOT = iphoneos;
				SWIFT_ACTIVE_COMPILATION_CONDITIONS = DEBUG;
				SWIFT_OPTIMIZATION_LEVEL = "-Onone";
			};
			name = Debug;
		};
		A53B715426BA98B100774AAA /* Release */ = {
			isa = XCBuildConfiguration;
			buildSettings = {
				ALWAYS_SEARCH_USER_PATHS = NO;
				CLANG_ANALYZER_NONNULL = YES;
				CLANG_ANALYZER_NUMBER_OBJECT_CONVERSION = YES_AGGRESSIVE;
				CLANG_CXX_LANGUAGE_STANDARD = "gnu++14";
				CLANG_CXX_LIBRARY = "libc++";
				CLANG_ENABLE_MODULES = YES;
				CLANG_ENABLE_OBJC_ARC = YES;
				CLANG_ENABLE_OBJC_WEAK = YES;
				CLANG_WARN_BLOCK_CAPTURE_AUTORELEASING = YES;
				CLANG_WARN_BOOL_CONVERSION = YES;
				CLANG_WARN_COMMA = YES;
				CLANG_WARN_CONSTANT_CONVERSION = YES;
				CLANG_WARN_DEPRECATED_OBJC_IMPLEMENTATIONS = YES;
				CLANG_WARN_DIRECT_OBJC_ISA_USAGE = YES_ERROR;
				CLANG_WARN_DOCUMENTATION_COMMENTS = YES;
				CLANG_WARN_EMPTY_BODY = YES;
				CLANG_WARN_ENUM_CONVERSION = YES;
				CLANG_WARN_INFINITE_RECURSION = YES;
				CLANG_WARN_INT_CONVERSION = YES;
				CLANG_WARN_NON_LITERAL_NULL_CONVERSION = YES;
				CLANG_WARN_OBJC_IMPLICIT_RETAIN_SELF = YES;
				CLANG_WARN_OBJC_LITERAL_CONVERSION = YES;
				CLANG_WARN_OBJC_ROOT_CLASS = YES_ERROR;
				CLANG_WARN_QUOTED_INCLUDE_IN_FRAMEWORK_HEADER = YES;
				CLANG_WARN_RANGE_LOOP_ANALYSIS = YES;
				CLANG_WARN_STRICT_PROTOTYPES = YES;
				CLANG_WARN_SUSPICIOUS_MOVE = YES;
				CLANG_WARN_UNGUARDED_AVAILABILITY = YES_AGGRESSIVE;
				CLANG_WARN_UNREACHABLE_CODE = YES;
				CLANG_WARN__DUPLICATE_METHOD_MATCH = YES;
				COPY_PHASE_STRIP = NO;
				DEBUG_INFORMATION_FORMAT = "dwarf-with-dsym";
				ENABLE_NS_ASSERTIONS = NO;
				ENABLE_STRICT_OBJC_MSGSEND = YES;
				GCC_C_LANGUAGE_STANDARD = gnu11;
				GCC_NO_COMMON_BLOCKS = YES;
				GCC_WARN_64_TO_32_BIT_CONVERSION = YES;
				GCC_WARN_ABOUT_RETURN_TYPE = YES_ERROR;
				GCC_WARN_UNDECLARED_SELECTOR = YES;
				GCC_WARN_UNINITIALIZED_AUTOS = YES_AGGRESSIVE;
				GCC_WARN_UNUSED_FUNCTION = YES;
				GCC_WARN_UNUSED_VARIABLE = YES;
				IPHONEOS_DEPLOYMENT_TARGET = 14.5;
				MTL_ENABLE_DEBUG_INFO = NO;
				MTL_FAST_MATH = YES;
				SDKROOT = iphoneos;
				SWIFT_COMPILATION_MODE = wholemodule;
				SWIFT_OPTIMIZATION_LEVEL = "-O";
				VALIDATE_PRODUCT = YES;
			};
			name = Release;
		};
		A53B715626BA98B100774AAA /* Debug */ = {
			isa = XCBuildConfiguration;
			buildSettings = {
				ASSETCATALOG_COMPILER_APPICON_NAME = AppIcon;
				ASSETCATALOG_COMPILER_GLOBAL_ACCENT_COLOR_NAME = AccentColor;
				CODE_SIGN_STYLE = Automatic;
				DEVELOPMENT_ASSET_PATHS = "\"MusicStreamingApp/Preview Content\"";
				DEVELOPMENT_TEAM = K5235MUW9G;
				ENABLE_PREVIEWS = YES;
				INFOPLIST_FILE = MusicStreamingApp/Info.plist;
				IPHONEOS_DEPLOYMENT_TARGET = 14.0;
				LD_RUNPATH_SEARCH_PATHS = (
					"$(inherited)",
					"@executable_path/Frameworks",
				);
				PRODUCT_BUNDLE_IDENTIFIER = com.ruangaldo.MusicStreamingApp;
				PRODUCT_NAME = "$(TARGET_NAME)";
				SWIFT_VERSION = 5.0;
				TARGETED_DEVICE_FAMILY = "1,2";
			};
			name = Debug;
		};
		A53B715726BA98B100774AAA /* Release */ = {
			isa = XCBuildConfiguration;
			buildSettings = {
				ASSETCATALOG_COMPILER_APPICON_NAME = AppIcon;
				ASSETCATALOG_COMPILER_GLOBAL_ACCENT_COLOR_NAME = AccentColor;
				CODE_SIGN_STYLE = Automatic;
				DEVELOPMENT_ASSET_PATHS = "\"MusicStreamingApp/Preview Content\"";
				DEVELOPMENT_TEAM = K5235MUW9G;
				ENABLE_PREVIEWS = YES;
				INFOPLIST_FILE = MusicStreamingApp/Info.plist;
				IPHONEOS_DEPLOYMENT_TARGET = 14.0;
				LD_RUNPATH_SEARCH_PATHS = (
					"$(inherited)",
					"@executable_path/Frameworks",
				);
				PRODUCT_BUNDLE_IDENTIFIER = com.ruangaldo.MusicStreamingApp;
				PRODUCT_NAME = "$(TARGET_NAME)";
				SWIFT_VERSION = 5.0;
				TARGETED_DEVICE_FAMILY = "1,2";
			};
			name = Release;
		};
		A53B715926BA98B100774AAA /* Debug */ = {
			isa = XCBuildConfiguration;
			buildSettings = {
				ALWAYS_EMBED_SWIFT_STANDARD_LIBRARIES = YES;
				BUNDLE_LOADER = "$(TEST_HOST)";
				CODE_SIGN_STYLE = Automatic;
				DEVELOPMENT_TEAM = K5235MUW9G;
				INFOPLIST_FILE = MusicStreamingAppTests/Info.plist;
				IPHONEOS_DEPLOYMENT_TARGET = 14.0;
				LD_RUNPATH_SEARCH_PATHS = (
					"$(inherited)",
					"@executable_path/Frameworks",
					"@loader_path/Frameworks",
				);
				PRODUCT_BUNDLE_IDENTIFIER = com.ruangaldo.MusicStreamingAppTests;
				PRODUCT_NAME = "$(TARGET_NAME)";
				SWIFT_VERSION = 5.0;
				TARGETED_DEVICE_FAMILY = "1,2";
				TEST_HOST = "$(BUILT_PRODUCTS_DIR)/MusicStreamingApp.app/MusicStreamingApp";
			};
			name = Debug;
		};
		A53B715A26BA98B100774AAA /* Release */ = {
			isa = XCBuildConfiguration;
			buildSettings = {
				ALWAYS_EMBED_SWIFT_STANDARD_LIBRARIES = YES;
				BUNDLE_LOADER = "$(TEST_HOST)";
				CODE_SIGN_STYLE = Automatic;
				DEVELOPMENT_TEAM = K5235MUW9G;
				INFOPLIST_FILE = MusicStreamingAppTests/Info.plist;
				IPHONEOS_DEPLOYMENT_TARGET = 14.0;
				LD_RUNPATH_SEARCH_PATHS = (
					"$(inherited)",
					"@executable_path/Frameworks",
					"@loader_path/Frameworks",
				);
				PRODUCT_BUNDLE_IDENTIFIER = com.ruangaldo.MusicStreamingAppTests;
				PRODUCT_NAME = "$(TARGET_NAME)";
				SWIFT_VERSION = 5.0;
				TARGETED_DEVICE_FAMILY = "1,2";
				TEST_HOST = "$(BUILT_PRODUCTS_DIR)/MusicStreamingApp.app/MusicStreamingApp";
			};
			name = Release;
		};
		A53B715C26BA98B100774AAA /* Debug */ = {
			isa = XCBuildConfiguration;
			buildSettings = {
				ALWAYS_EMBED_SWIFT_STANDARD_LIBRARIES = YES;
				CODE_SIGN_STYLE = Automatic;
				DEVELOPMENT_TEAM = K5235MUW9G;
				INFOPLIST_FILE = MusicStreamingAppUITests/Info.plist;
				LD_RUNPATH_SEARCH_PATHS = (
					"$(inherited)",
					"@executable_path/Frameworks",
					"@loader_path/Frameworks",
				);
				PRODUCT_BUNDLE_IDENTIFIER = com.ruangaldo.MusicStreamingAppUITests;
				PRODUCT_NAME = "$(TARGET_NAME)";
				SWIFT_VERSION = 5.0;
				TARGETED_DEVICE_FAMILY = "1,2";
				TEST_TARGET_NAME = MusicStreamingApp;
			};
			name = Debug;
		};
		A53B715D26BA98B100774AAA /* Release */ = {
			isa = XCBuildConfiguration;
			buildSettings = {
				ALWAYS_EMBED_SWIFT_STANDARD_LIBRARIES = YES;
				CODE_SIGN_STYLE = Automatic;
				DEVELOPMENT_TEAM = K5235MUW9G;
				INFOPLIST_FILE = MusicStreamingAppUITests/Info.plist;
				LD_RUNPATH_SEARCH_PATHS = (
					"$(inherited)",
					"@executable_path/Frameworks",
					"@loader_path/Frameworks",
				);
				PRODUCT_BUNDLE_IDENTIFIER = com.ruangaldo.MusicStreamingAppUITests;
				PRODUCT_NAME = "$(TARGET_NAME)";
				SWIFT_VERSION = 5.0;
				TARGETED_DEVICE_FAMILY = "1,2";
				TEST_TARGET_NAME = MusicStreamingApp;
			};
			name = Release;
		};
/* End XCBuildConfiguration section */

/* Begin XCConfigurationList section */
		A53B712B26BA98AF00774AAA /* Build configuration list for PBXProject "MusicStreamingApp" */ = {
			isa = XCConfigurationList;
			buildConfigurations = (
				A53B715326BA98B100774AAA /* Debug */,
				A53B715426BA98B100774AAA /* Release */,
			);
			defaultConfigurationIsVisible = 0;
			defaultConfigurationName = Release;
		};
		A53B715526BA98B100774AAA /* Build configuration list for PBXNativeTarget "MusicStreamingApp" */ = {
			isa = XCConfigurationList;
			buildConfigurations = (
				A53B715626BA98B100774AAA /* Debug */,
				A53B715726BA98B100774AAA /* Release */,
			);
			defaultConfigurationIsVisible = 0;
			defaultConfigurationName = Release;
		};
		A53B715826BA98B100774AAA /* Build configuration list for PBXNativeTarget "MusicStreamingAppTests" */ = {
			isa = XCConfigurationList;
			buildConfigurations = (
				A53B715926BA98B100774AAA /* Debug */,
				A53B715A26BA98B100774AAA /* Release */,
			);
			defaultConfigurationIsVisible = 0;
			defaultConfigurationName = Release;
		};
		A53B715B26BA98B100774AAA /* Build configuration list for PBXNativeTarget "MusicStreamingAppUITests" */ = {
			isa = XCConfigurationList;
			buildConfigurations = (
				A53B715C26BA98B100774AAA /* Debug */,
				A53B715D26BA98B100774AAA /* Release */,
			);
			defaultConfigurationIsVisible = 0;
			defaultConfigurationName = Release;
		};
/* End XCConfigurationList section */
	};
	rootObject = A53B712826BA98AF00774AAA /* Project object */;
}
